// !$*UTF8*$!
{
	archiveVersion = 1;
	classes = {
	};
	objectVersion = 46;
	objects = {

/* Begin PBXBuildFile section */
		317FCF5360CD2A5F34A3F8F9 /* Pods_SwiftLive.framework in Frameworks */ = {isa = PBXBuildFile; fileRef = 61477B864BC76A80C5052051 /* Pods_SwiftLive.framework */; };
		6807246F1F7207150041AD4F /* RankSubViewController.swift in Sources */ = {isa = PBXBuildFile; fileRef = 6807246E1F7207150041AD4F /* RankSubViewController.swift */; };
		680724711F72073A0041AD4F /* RankDateViewController.swift in Sources */ = {isa = PBXBuildFile; fileRef = 680724701F72073A0041AD4F /* RankDateViewController.swift */; };
		680724731F7207440041AD4F /* RankWeekViewController.swift in Sources */ = {isa = PBXBuildFile; fileRef = 680724721F7207440041AD4F /* RankWeekViewController.swift */; };
		680724751F7207DD0041AD4F /* RankDateDetailViewController.swift in Sources */ = {isa = PBXBuildFile; fileRef = 680724741F7207DD0041AD4F /* RankDateDetailViewController.swift */; };
		680724771F7207EC0041AD4F /* RankWeekDetailViewController.swift in Sources */ = {isa = PBXBuildFile; fileRef = 680724761F7207EC0041AD4F /* RankWeekDetailViewController.swift */; };
		680724791F7208D20041AD4F /* RankType.swift in Sources */ = {isa = PBXBuildFile; fileRef = 680724781F7208D20041AD4F /* RankType.swift */; };
		6807247B1F7208DD0041AD4F /* RankDateModel.swift in Sources */ = {isa = PBXBuildFile; fileRef = 6807247A1F7208DD0041AD4F /* RankDateModel.swift */; };
		6807247D1F7208E90041AD4F /* RankWeekModel.swift in Sources */ = {isa = PBXBuildFile; fileRef = 6807247C1F7208E90041AD4F /* RankWeekModel.swift */; };
		6807247F1F7208FB0041AD4F /* RankViewModel.swift in Sources */ = {isa = PBXBuildFile; fileRef = 6807247E1F7208FB0041AD4F /* RankViewModel.swift */; };
		680724821F7219370041AD4F /* RankDateCell.swift in Sources */ = {isa = PBXBuildFile; fileRef = 680724801F7219370041AD4F /* RankDateCell.swift */; };
		680724831F7219370041AD4F /* RankDateCell.xib in Resources */ = {isa = PBXBuildFile; fileRef = 680724811F7219370041AD4F /* RankDateCell.xib */; };
		680724861F72195B0041AD4F /* RankWeekCell.swift in Sources */ = {isa = PBXBuildFile; fileRef = 680724841F72195B0041AD4F /* RankWeekCell.swift */; };
		680724871F72195B0041AD4F /* RankWeekCell.xib in Resources */ = {isa = PBXBuildFile; fileRef = 680724851F72195B0041AD4F /* RankWeekCell.xib */; };
		680724891F723C980041AD4F /* UIColor+Extension.swift in Sources */ = {isa = PBXBuildFile; fileRef = 680724881F723C980041AD4F /* UIColor+Extension.swift */; };
		6807248F1F725A620041AD4F /* DiscoverViewModel.swift in Sources */ = {isa = PBXBuildFile; fileRef = 6807248E1F725A620041AD4F /* DiscoverViewModel.swift */; };
		680724911F725BB70041AD4F /* CarouselModel.swift in Sources */ = {isa = PBXBuildFile; fileRef = 680724901F725BB70041AD4F /* CarouselModel.swift */; };
		680724931F725D810041AD4F /* DiscoverTableViewCell.swift in Sources */ = {isa = PBXBuildFile; fileRef = 680724921F725D810041AD4F /* DiscoverTableViewCell.swift */; };
		680724951F725DA50041AD4F /* DiscoverCollectionViewCell.swift in Sources */ = {isa = PBXBuildFile; fileRef = 680724941F725DA50041AD4F /* DiscoverCollectionViewCell.swift */; };
		680724971F7260E90041AD4F /* DiscoverCollectionViewLayout.swift in Sources */ = {isa = PBXBuildFile; fileRef = 680724961F7260E90041AD4F /* DiscoverCollectionViewLayout.swift */; };
		6807249B1F72661D0041AD4F /* SRCarouselView.m in Sources */ = {isa = PBXBuildFile; fileRef = 6807249A1F72661D0041AD4F /* SRCarouselView.m */; };
		680724A91F7276F10041AD4F /* ProfileItemModel.swift in Sources */ = {isa = PBXBuildFile; fileRef = 680724A81F7276F10041AD4F /* ProfileItemModel.swift */; };
		680724AB1F7277040041AD4F /* ProfileItemSectionModel.swift in Sources */ = {isa = PBXBuildFile; fileRef = 680724AA1F7277040041AD4F /* ProfileItemSectionModel.swift */; };
		680724AD1F7277250041AD4F /* ProfileHeaderView.swift in Sources */ = {isa = PBXBuildFile; fileRef = 680724AC1F7277250041AD4F /* ProfileHeaderView.swift */; };
		680724AF1F72772E0041AD4F /* ProfileHeaderView.xib in Resources */ = {isa = PBXBuildFile; fileRef = 680724AE1F72772E0041AD4F /* ProfileHeaderView.xib */; };
		680724B21F7277680041AD4F /* ProfileItemCell.swift in Sources */ = {isa = PBXBuildFile; fileRef = 680724B01F7277680041AD4F /* ProfileItemCell.swift */; };
		680724B31F7277680041AD4F /* ProfileItemCell.xib in Resources */ = {isa = PBXBuildFile; fileRef = 680724B11F7277680041AD4F /* ProfileItemCell.xib */; };
		680724B51F7277830041AD4F /* ProfileBaseViewController.swift in Sources */ = {isa = PBXBuildFile; fileRef = 680724B41F7277830041AD4F /* ProfileBaseViewController.swift */; };
		680724B71F72779F0041AD4F /* ProfileMainViewController.swift in Sources */ = {isa = PBXBuildFile; fileRef = 680724B61F72779F0041AD4F /* ProfileMainViewController.swift */; };
		680724B91F7277AD0041AD4F /* ProfileSettingsViewController.swift in Sources */ = {isa = PBXBuildFile; fileRef = 680724B81F7277AD0041AD4F /* ProfileSettingsViewController.swift */; };
		680724BD1F7350BF0041AD4F /* LiveRoomViewController.swift in Sources */ = {isa = PBXBuildFile; fileRef = 680724BB1F7350BF0041AD4F /* LiveRoomViewController.swift */; };
		680724BE1F7350BF0041AD4F /* LiveRoomViewController.xib in Resources */ = {isa = PBXBuildFile; fileRef = 680724BC1F7350BF0041AD4F /* LiveRoomViewController.xib */; };
		680724C01F737FC70041AD4F /* IJKMediaFramework.framework in Frameworks */ = {isa = PBXBuildFile; fileRef = 680724BF1F737FC70041AD4F /* IJKMediaFramework.framework */; };
		680724C21F7380610041AD4F /* LiveRoomViewModel.swift in Sources */ = {isa = PBXBuildFile; fileRef = 680724C11F7380610041AD4F /* LiveRoomViewModel.swift */; };
		680724C41F7381EE0041AD4F /* libz.tbd in Frameworks */ = {isa = PBXBuildFile; fileRef = 680724C31F7381EE0041AD4F /* libz.tbd */; };
		680724C61F73A5800041AD4F /* SQLiteTool.swift in Sources */ = {isa = PBXBuildFile; fileRef = 680724C51F73A5800041AD4F /* SQLiteTool.swift */; };
		688E79B01F73C30B002DA4E2 /* libsqlite3.0.tbd in Frameworks */ = {isa = PBXBuildFile; fileRef = 688E79AF1F73C30B002DA4E2 /* libsqlite3.0.tbd */; };
		6890B34D1F70EB4E00B0FA12 /* AppDelegate.swift in Sources */ = {isa = PBXBuildFile; fileRef = 6890B34C1F70EB4E00B0FA12 /* AppDelegate.swift */; };
		6890B3541F70EB4E00B0FA12 /* Assets.xcassets in Resources */ = {isa = PBXBuildFile; fileRef = 6890B3531F70EB4E00B0FA12 /* Assets.xcassets */; };
		6890B3981F71098100B0FA12 /* MainTabBarController.swift in Sources */ = {isa = PBXBuildFile; fileRef = 6890B3971F71098100B0FA12 /* MainTabBarController.swift */; };
		6890B39A1F7109BA00B0FA12 /* GlobalNavigationController.swift in Sources */ = {isa = PBXBuildFile; fileRef = 6890B3991F7109BA00B0FA12 /* GlobalNavigationController.swift */; };
		6890B39E1F710A8800B0FA12 /* Home.storyboard in Resources */ = {isa = PBXBuildFile; fileRef = 6890B39D1F710A8800B0FA12 /* Home.storyboard */; };
		6890B3A01F710A9300B0FA12 /* Discover.storyboard in Resources */ = {isa = PBXBuildFile; fileRef = 6890B39F1F710A9300B0FA12 /* Discover.storyboard */; };
		6890B3A31F710AB700B0FA12 /* Rank.storyboard in Resources */ = {isa = PBXBuildFile; fileRef = 6890B3A21F710AB700B0FA12 /* Rank.storyboard */; };
		6890B3A51F710ABE00B0FA12 /* Profile.storyboard in Resources */ = {isa = PBXBuildFile; fileRef = 6890B3A41F710ABE00B0FA12 /* Profile.storyboard */; };
		6890B3A71F710AEF00B0FA12 /* HomeViewController.swift in Sources */ = {isa = PBXBuildFile; fileRef = 6890B3A61F710AEF00B0FA12 /* HomeViewController.swift */; };
		6890B3A91F710AF700B0FA12 /* RankViewController.swift in Sources */ = {isa = PBXBuildFile; fileRef = 6890B3A81F710AF700B0FA12 /* RankViewController.swift */; };
		6890B3AB1F710AFF00B0FA12 /* DiscoverViewController.swift in Sources */ = {isa = PBXBuildFile; fileRef = 6890B3AA1F710AFF00B0FA12 /* DiscoverViewController.swift */; };
		6890B3B51F71106600B0FA12 /* HomeAnchorViewController.swift in Sources */ = {isa = PBXBuildFile; fileRef = 6890B3B41F71106600B0FA12 /* HomeAnchorViewController.swift */; };
		6890B3B71F71107400B0FA12 /* HomeViewModel.swift in Sources */ = {isa = PBXBuildFile; fileRef = 6890B3B61F71107400B0FA12 /* HomeViewModel.swift */; };
		6890B3B91F71109D00B0FA12 /* HomeWaterfallLayout.swift in Sources */ = {isa = PBXBuildFile; fileRef = 6890B3B81F71109D00B0FA12 /* HomeWaterfallLayout.swift */; };
		6890B3BB1F7110DE00B0FA12 /* AnchorType.swift in Sources */ = {isa = PBXBuildFile; fileRef = 6890B3BA1F7110DE00B0FA12 /* AnchorType.swift */; };
		6890B3BD1F7110F000B0FA12 /* AnchorModel.swift in Sources */ = {isa = PBXBuildFile; fileRef = 6890B3BC1F7110F000B0FA12 /* AnchorModel.swift */; };
		6890B3BF1F71113400B0FA12 /* HomeAnchorCell.swift in Sources */ = {isa = PBXBuildFile; fileRef = 6890B3BE1F71113400B0FA12 /* HomeAnchorCell.swift */; };
		6890B3C11F71114400B0FA12 /* HomeAnchorCell.xib in Resources */ = {isa = PBXBuildFile; fileRef = 6890B3C01F71114400B0FA12 /* HomeAnchorCell.xib */; };
		6890B3CA1F71125500B0FA12 /* SRChannelsContent.swift in Sources */ = {isa = PBXBuildFile; fileRef = 6890B3C51F71125500B0FA12 /* SRChannelsContent.swift */; };
		6890B3CB1F71125500B0FA12 /* SRChannelsControl.swift in Sources */ = {isa = PBXBuildFile; fileRef = 6890B3C61F71125500B0FA12 /* SRChannelsControl.swift */; };
		6890B3CC1F71125500B0FA12 /* SRChannelsTitle.swift in Sources */ = {isa = PBXBuildFile; fileRef = 6890B3C71F71125500B0FA12 /* SRChannelsTitle.swift */; };
		6890B3CD1F71125500B0FA12 /* SRChannelsTitleStyle.swift in Sources */ = {isa = PBXBuildFile; fileRef = 6890B3C81F71125500B0FA12 /* SRChannelsTitleStyle.swift */; };
		6890B3CE1F71125500B0FA12 /* UIColor+SRChannelsControl.swift in Sources */ = {isa = PBXBuildFile; fileRef = 6890B3C91F71125500B0FA12 /* UIColor+SRChannelsControl.swift */; };
		6890B3D01F7112C100B0FA12 /* UIConstants.swift in Sources */ = {isa = PBXBuildFile; fileRef = 6890B3CF1F7112C100B0FA12 /* UIConstants.swift */; };
		6890B3D21F7116F900B0FA12 /* HTTPRequestTool.swift in Sources */ = {isa = PBXBuildFile; fileRef = 6890B3D11F7116F900B0FA12 /* HTTPRequestTool.swift */; };
		6890B3D41F7118E100B0FA12 /* UIImageView+Kingfisher.swift in Sources */ = {isa = PBXBuildFile; fileRef = 6890B3D31F7118E100B0FA12 /* UIImageView+Kingfisher.swift */; };
		6890B3D91F711A0500B0FA12 /* QHNormalEmotionSort.plist in Resources */ = {isa = PBXBuildFile; fileRef = 6890B3D61F711A0500B0FA12 /* QHNormalEmotionSort.plist */; };
		6890B3DA1F711A0500B0FA12 /* QHSohuGifSort.plist in Resources */ = {isa = PBXBuildFile; fileRef = 6890B3D71F711A0500B0FA12 /* QHSohuGifSort.plist */; };
		6890B3DB1F711A0500B0FA12 /* AnchorTypes.plist in Resources */ = {isa = PBXBuildFile; fileRef = 6890B3D81F711A0500B0FA12 /* AnchorTypes.plist */; };
		6E63DC162128669800BAC05F /* LaunchScreen.storyboard in Resources */ = {isa = PBXBuildFile; fileRef = 6E63DC152128669800BAC05F /* LaunchScreen.storyboard */; };
		6EEC15802131ED2B00AF209E /* BaseModel.swift in Sources */ = {isa = PBXBuildFile; fileRef = 6EEC157F2131ED2B00AF209E /* BaseModel.swift */; };
/* End PBXBuildFile section */

/* Begin PBXFileReference section */
		58AA5752BDDFD81D04913098 /* Pods-SwiftLive.release.xcconfig */ = {isa = PBXFileReference; includeInIndex = 1; lastKnownFileType = text.xcconfig; name = "Pods-SwiftLive.release.xcconfig"; path = "Pods/Target Support Files/Pods-SwiftLive/Pods-SwiftLive.release.xcconfig"; sourceTree = "<group>"; };
		61477B864BC76A80C5052051 /* Pods_SwiftLive.framework */ = {isa = PBXFileReference; explicitFileType = wrapper.framework; includeInIndex = 0; path = Pods_SwiftLive.framework; sourceTree = BUILT_PRODUCTS_DIR; };
		6807246E1F7207150041AD4F /* RankSubViewController.swift */ = {isa = PBXFileReference; fileEncoding = 4; lastKnownFileType = sourcecode.swift; path = RankSubViewController.swift; sourceTree = "<group>"; };
		680724701F72073A0041AD4F /* RankDateViewController.swift */ = {isa = PBXFileReference; fileEncoding = 4; lastKnownFileType = sourcecode.swift; path = RankDateViewController.swift; sourceTree = "<group>"; };
		680724721F7207440041AD4F /* RankWeekViewController.swift */ = {isa = PBXFileReference; fileEncoding = 4; lastKnownFileType = sourcecode.swift; path = RankWeekViewController.swift; sourceTree = "<group>"; };
		680724741F7207DD0041AD4F /* RankDateDetailViewController.swift */ = {isa = PBXFileReference; fileEncoding = 4; lastKnownFileType = sourcecode.swift; path = RankDateDetailViewController.swift; sourceTree = "<group>"; };
		680724761F7207EC0041AD4F /* RankWeekDetailViewController.swift */ = {isa = PBXFileReference; fileEncoding = 4; lastKnownFileType = sourcecode.swift; path = RankWeekDetailViewController.swift; sourceTree = "<group>"; };
		680724781F7208D20041AD4F /* RankType.swift */ = {isa = PBXFileReference; fileEncoding = 4; lastKnownFileType = sourcecode.swift; path = RankType.swift; sourceTree = "<group>"; };
		6807247A1F7208DD0041AD4F /* RankDateModel.swift */ = {isa = PBXFileReference; fileEncoding = 4; lastKnownFileType = sourcecode.swift; path = RankDateModel.swift; sourceTree = "<group>"; };
		6807247C1F7208E90041AD4F /* RankWeekModel.swift */ = {isa = PBXFileReference; fileEncoding = 4; lastKnownFileType = sourcecode.swift; path = RankWeekModel.swift; sourceTree = "<group>"; };
		6807247E1F7208FB0041AD4F /* RankViewModel.swift */ = {isa = PBXFileReference; fileEncoding = 4; lastKnownFileType = sourcecode.swift; path = RankViewModel.swift; sourceTree = "<group>"; };
		680724801F7219370041AD4F /* RankDateCell.swift */ = {isa = PBXFileReference; fileEncoding = 4; lastKnownFileType = sourcecode.swift; path = RankDateCell.swift; sourceTree = "<group>"; };
		680724811F7219370041AD4F /* RankDateCell.xib */ = {isa = PBXFileReference; fileEncoding = 4; lastKnownFileType = file.xib; path = RankDateCell.xib; sourceTree = "<group>"; };
		680724841F72195B0041AD4F /* RankWeekCell.swift */ = {isa = PBXFileReference; fileEncoding = 4; lastKnownFileType = sourcecode.swift; path = RankWeekCell.swift; sourceTree = "<group>"; };
		680724851F72195B0041AD4F /* RankWeekCell.xib */ = {isa = PBXFileReference; fileEncoding = 4; lastKnownFileType = file.xib; path = RankWeekCell.xib; sourceTree = "<group>"; };
		680724881F723C980041AD4F /* UIColor+Extension.swift */ = {isa = PBXFileReference; fileEncoding = 4; lastKnownFileType = sourcecode.swift; path = "UIColor+Extension.swift"; sourceTree = "<group>"; };
		6807248E1F725A620041AD4F /* DiscoverViewModel.swift */ = {isa = PBXFileReference; fileEncoding = 4; lastKnownFileType = sourcecode.swift; path = DiscoverViewModel.swift; sourceTree = "<group>"; };
		680724901F725BB70041AD4F /* CarouselModel.swift */ = {isa = PBXFileReference; fileEncoding = 4; lastKnownFileType = sourcecode.swift; path = CarouselModel.swift; sourceTree = "<group>"; };
		680724921F725D810041AD4F /* DiscoverTableViewCell.swift */ = {isa = PBXFileReference; fileEncoding = 4; lastKnownFileType = sourcecode.swift; path = DiscoverTableViewCell.swift; sourceTree = "<group>"; };
		680724941F725DA50041AD4F /* DiscoverCollectionViewCell.swift */ = {isa = PBXFileReference; fileEncoding = 4; lastKnownFileType = sourcecode.swift; path = DiscoverCollectionViewCell.swift; sourceTree = "<group>"; };
		680724961F7260E90041AD4F /* DiscoverCollectionViewLayout.swift */ = {isa = PBXFileReference; fileEncoding = 4; lastKnownFileType = sourcecode.swift; path = DiscoverCollectionViewLayout.swift; sourceTree = "<group>"; };
		680724991F72661D0041AD4F /* SRCarouselView.h */ = {isa = PBXFileReference; fileEncoding = 4; lastKnownFileType = sourcecode.c.h; path = SRCarouselView.h; sourceTree = "<group>"; };
		6807249A1F72661D0041AD4F /* SRCarouselView.m */ = {isa = PBXFileReference; fileEncoding = 4; lastKnownFileType = sourcecode.c.objc; path = SRCarouselView.m; sourceTree = "<group>"; };
		6807249F1F7269D20041AD4F /* SwiftLive-Brdging-Header.h */ = {isa = PBXFileReference; fileEncoding = 4; lastKnownFileType = sourcecode.c.h; path = "SwiftLive-Brdging-Header.h"; sourceTree = "<group>"; };
		680724A81F7276F10041AD4F /* ProfileItemModel.swift */ = {isa = PBXFileReference; fileEncoding = 4; lastKnownFileType = sourcecode.swift; path = ProfileItemModel.swift; sourceTree = "<group>"; };
		680724AA1F7277040041AD4F /* ProfileItemSectionModel.swift */ = {isa = PBXFileReference; fileEncoding = 4; lastKnownFileType = sourcecode.swift; path = ProfileItemSectionModel.swift; sourceTree = "<group>"; };
		680724AC1F7277250041AD4F /* ProfileHeaderView.swift */ = {isa = PBXFileReference; fileEncoding = 4; lastKnownFileType = sourcecode.swift; path = ProfileHeaderView.swift; sourceTree = "<group>"; };
		680724AE1F72772E0041AD4F /* ProfileHeaderView.xib */ = {isa = PBXFileReference; fileEncoding = 4; lastKnownFileType = file.xib; path = ProfileHeaderView.xib; sourceTree = "<group>"; };
		680724B01F7277680041AD4F /* ProfileItemCell.swift */ = {isa = PBXFileReference; fileEncoding = 4; lastKnownFileType = sourcecode.swift; path = ProfileItemCell.swift; sourceTree = "<group>"; };
		680724B11F7277680041AD4F /* ProfileItemCell.xib */ = {isa = PBXFileReference; fileEncoding = 4; lastKnownFileType = file.xib; path = ProfileItemCell.xib; sourceTree = "<group>"; };
		680724B41F7277830041AD4F /* ProfileBaseViewController.swift */ = {isa = PBXFileReference; fileEncoding = 4; lastKnownFileType = sourcecode.swift; path = ProfileBaseViewController.swift; sourceTree = "<group>"; };
		680724B61F72779F0041AD4F /* ProfileMainViewController.swift */ = {isa = PBXFileReference; fileEncoding = 4; lastKnownFileType = sourcecode.swift; path = ProfileMainViewController.swift; sourceTree = "<group>"; };
		680724B81F7277AD0041AD4F /* ProfileSettingsViewController.swift */ = {isa = PBXFileReference; fileEncoding = 4; lastKnownFileType = sourcecode.swift; path = ProfileSettingsViewController.swift; sourceTree = "<group>"; };
		680724BB1F7350BF0041AD4F /* LiveRoomViewController.swift */ = {isa = PBXFileReference; fileEncoding = 4; lastKnownFileType = sourcecode.swift; path = LiveRoomViewController.swift; sourceTree = "<group>"; };
		680724BC1F7350BF0041AD4F /* LiveRoomViewController.xib */ = {isa = PBXFileReference; fileEncoding = 4; lastKnownFileType = file.xib; path = LiveRoomViewController.xib; sourceTree = "<group>"; };
		680724BF1F737FC70041AD4F /* IJKMediaFramework.framework */ = {isa = PBXFileReference; lastKnownFileType = wrapper.framework; path = IJKMediaFramework.framework; sourceTree = "<group>"; };
		680724C11F7380610041AD4F /* LiveRoomViewModel.swift */ = {isa = PBXFileReference; fileEncoding = 4; lastKnownFileType = sourcecode.swift; path = LiveRoomViewModel.swift; sourceTree = "<group>"; };
		680724C31F7381EE0041AD4F /* libz.tbd */ = {isa = PBXFileReference; lastKnownFileType = "sourcecode.text-based-dylib-definition"; name = libz.tbd; path = usr/lib/libz.tbd; sourceTree = SDKROOT; };
		680724C51F73A5800041AD4F /* SQLiteTool.swift */ = {isa = PBXFileReference; fileEncoding = 4; lastKnownFileType = sourcecode.swift; path = SQLiteTool.swift; sourceTree = "<group>"; };
		688E79AF1F73C30B002DA4E2 /* libsqlite3.0.tbd */ = {isa = PBXFileReference; lastKnownFileType = "sourcecode.text-based-dylib-definition"; name = libsqlite3.0.tbd; path = usr/lib/libsqlite3.0.tbd; sourceTree = SDKROOT; };
		6890B3491F70EB4E00B0FA12 /* SwiftLive.app */ = {isa = PBXFileReference; explicitFileType = wrapper.application; includeInIndex = 0; path = SwiftLive.app; sourceTree = BUILT_PRODUCTS_DIR; };
		6890B34C1F70EB4E00B0FA12 /* AppDelegate.swift */ = {isa = PBXFileReference; lastKnownFileType = sourcecode.swift; path = AppDelegate.swift; sourceTree = "<group>"; };
		6890B3531F70EB4E00B0FA12 /* Assets.xcassets */ = {isa = PBXFileReference; lastKnownFileType = folder.assetcatalog; path = Assets.xcassets; sourceTree = "<group>"; };
		6890B3581F70EB4E00B0FA12 /* Info.plist */ = {isa = PBXFileReference; lastKnownFileType = text.plist.xml; path = Info.plist; sourceTree = "<group>"; };
		6890B3971F71098100B0FA12 /* MainTabBarController.swift */ = {isa = PBXFileReference; fileEncoding = 4; lastKnownFileType = sourcecode.swift; path = MainTabBarController.swift; sourceTree = "<group>"; };
		6890B3991F7109BA00B0FA12 /* GlobalNavigationController.swift */ = {isa = PBXFileReference; fileEncoding = 4; lastKnownFileType = sourcecode.swift; path = GlobalNavigationController.swift; sourceTree = "<group>"; };
		6890B39D1F710A8800B0FA12 /* Home.storyboard */ = {isa = PBXFileReference; fileEncoding = 4; lastKnownFileType = file.storyboard; path = Home.storyboard; sourceTree = "<group>"; };
		6890B39F1F710A9300B0FA12 /* Discover.storyboard */ = {isa = PBXFileReference; fileEncoding = 4; lastKnownFileType = file.storyboard; path = Discover.storyboard; sourceTree = "<group>"; };
		6890B3A21F710AB700B0FA12 /* Rank.storyboard */ = {isa = PBXFileReference; fileEncoding = 4; lastKnownFileType = file.storyboard; path = Rank.storyboard; sourceTree = "<group>"; };
		6890B3A41F710ABE00B0FA12 /* Profile.storyboard */ = {isa = PBXFileReference; fileEncoding = 4; lastKnownFileType = file.storyboard; path = Profile.storyboard; sourceTree = "<group>"; };
		6890B3A61F710AEF00B0FA12 /* HomeViewController.swift */ = {isa = PBXFileReference; fileEncoding = 4; lastKnownFileType = sourcecode.swift; path = HomeViewController.swift; sourceTree = "<group>"; };
		6890B3A81F710AF700B0FA12 /* RankViewController.swift */ = {isa = PBXFileReference; fileEncoding = 4; lastKnownFileType = sourcecode.swift; path = RankViewController.swift; sourceTree = "<group>"; };
		6890B3AA1F710AFF00B0FA12 /* DiscoverViewController.swift */ = {isa = PBXFileReference; fileEncoding = 4; lastKnownFileType = sourcecode.swift; path = DiscoverViewController.swift; sourceTree = "<group>"; };
		6890B3B41F71106600B0FA12 /* HomeAnchorViewController.swift */ = {isa = PBXFileReference; fileEncoding = 4; lastKnownFileType = sourcecode.swift; path = HomeAnchorViewController.swift; sourceTree = "<group>"; };
		6890B3B61F71107400B0FA12 /* HomeViewModel.swift */ = {isa = PBXFileReference; fileEncoding = 4; lastKnownFileType = sourcecode.swift; path = HomeViewModel.swift; sourceTree = "<group>"; };
		6890B3B81F71109D00B0FA12 /* HomeWaterfallLayout.swift */ = {isa = PBXFileReference; fileEncoding = 4; lastKnownFileType = sourcecode.swift; path = HomeWaterfallLayout.swift; sourceTree = "<group>"; };
		6890B3BA1F7110DE00B0FA12 /* AnchorType.swift */ = {isa = PBXFileReference; fileEncoding = 4; lastKnownFileType = sourcecode.swift; path = AnchorType.swift; sourceTree = "<group>"; };
		6890B3BC1F7110F000B0FA12 /* AnchorModel.swift */ = {isa = PBXFileReference; fileEncoding = 4; lastKnownFileType = sourcecode.swift; path = AnchorModel.swift; sourceTree = "<group>"; };
		6890B3BE1F71113400B0FA12 /* HomeAnchorCell.swift */ = {isa = PBXFileReference; fileEncoding = 4; lastKnownFileType = sourcecode.swift; path = HomeAnchorCell.swift; sourceTree = "<group>"; };
		6890B3C01F71114400B0FA12 /* HomeAnchorCell.xib */ = {isa = PBXFileReference; fileEncoding = 4; lastKnownFileType = file.xib; path = HomeAnchorCell.xib; sourceTree = "<group>"; };
		6890B3C51F71125500B0FA12 /* SRChannelsContent.swift */ = {isa = PBXFileReference; fileEncoding = 4; lastKnownFileType = sourcecode.swift; path = SRChannelsContent.swift; sourceTree = "<group>"; };
		6890B3C61F71125500B0FA12 /* SRChannelsControl.swift */ = {isa = PBXFileReference; fileEncoding = 4; lastKnownFileType = sourcecode.swift; path = SRChannelsControl.swift; sourceTree = "<group>"; };
		6890B3C71F71125500B0FA12 /* SRChannelsTitle.swift */ = {isa = PBXFileReference; fileEncoding = 4; lastKnownFileType = sourcecode.swift; path = SRChannelsTitle.swift; sourceTree = "<group>"; };
		6890B3C81F71125500B0FA12 /* SRChannelsTitleStyle.swift */ = {isa = PBXFileReference; fileEncoding = 4; lastKnownFileType = sourcecode.swift; path = SRChannelsTitleStyle.swift; sourceTree = "<group>"; };
		6890B3C91F71125500B0FA12 /* UIColor+SRChannelsControl.swift */ = {isa = PBXFileReference; fileEncoding = 4; lastKnownFileType = sourcecode.swift; path = "UIColor+SRChannelsControl.swift"; sourceTree = "<group>"; };
		6890B3CF1F7112C100B0FA12 /* UIConstants.swift */ = {isa = PBXFileReference; fileEncoding = 4; lastKnownFileType = sourcecode.swift; path = UIConstants.swift; sourceTree = "<group>"; };
		6890B3D11F7116F900B0FA12 /* HTTPRequestTool.swift */ = {isa = PBXFileReference; fileEncoding = 4; lastKnownFileType = sourcecode.swift; path = HTTPRequestTool.swift; sourceTree = "<group>"; };
		6890B3D31F7118E100B0FA12 /* UIImageView+Kingfisher.swift */ = {isa = PBXFileReference; fileEncoding = 4; lastKnownFileType = sourcecode.swift; path = "UIImageView+Kingfisher.swift"; sourceTree = "<group>"; };
		6890B3D61F711A0500B0FA12 /* QHNormalEmotionSort.plist */ = {isa = PBXFileReference; lastKnownFileType = file.bplist; path = QHNormalEmotionSort.plist; sourceTree = "<group>"; };
		6890B3D71F711A0500B0FA12 /* QHSohuGifSort.plist */ = {isa = PBXFileReference; lastKnownFileType = file.bplist; path = QHSohuGifSort.plist; sourceTree = "<group>"; };
		6890B3D81F711A0500B0FA12 /* AnchorTypes.plist */ = {isa = PBXFileReference; fileEncoding = 4; lastKnownFileType = text.plist.xml; path = AnchorTypes.plist; sourceTree = "<group>"; };
		6E63DC152128669800BAC05F /* LaunchScreen.storyboard */ = {isa = PBXFileReference; lastKnownFileType = file.storyboard; path = LaunchScreen.storyboard; sourceTree = "<group>"; };
		6EEC157F2131ED2B00AF209E /* BaseModel.swift */ = {isa = PBXFileReference; fileEncoding = 4; lastKnownFileType = sourcecode.swift; path = BaseModel.swift; sourceTree = "<group>"; };
		ED1B77CD46A17F1D2078F5D6 /* Pods-SwiftLive.debug.xcconfig */ = {isa = PBXFileReference; includeInIndex = 1; lastKnownFileType = text.xcconfig; name = "Pods-SwiftLive.debug.xcconfig"; path = "Pods/Target Support Files/Pods-SwiftLive/Pods-SwiftLive.debug.xcconfig"; sourceTree = "<group>"; };
/* End PBXFileReference section */

/* Begin PBXFrameworksBuildPhase section */
		6890B3461F70EB4E00B0FA12 /* Frameworks */ = {
			isa = PBXFrameworksBuildPhase;
			buildActionMask = 2147483647;
			files = (
				688E79B01F73C30B002DA4E2 /* libsqlite3.0.tbd in Frameworks */,
				680724C41F7381EE0041AD4F /* libz.tbd in Frameworks */,
				680724C01F737FC70041AD4F /* IJKMediaFramework.framework in Frameworks */,
				317FCF5360CD2A5F34A3F8F9 /* Pods_SwiftLive.framework in Frameworks */,
			);
			runOnlyForDeploymentPostprocessing = 0;
		};
/* End PBXFrameworksBuildPhase section */

/* Begin PBXGroup section */
		23784EE787E151431E953B6E /* Pods */ = {
			isa = PBXGroup;
			children = (
				ED1B77CD46A17F1D2078F5D6 /* Pods-SwiftLive.debug.xcconfig */,
				58AA5752BDDFD81D04913098 /* Pods-SwiftLive.release.xcconfig */,
			);
			name = Pods;
			sourceTree = "<group>";
		};
		6807248A1F72573F0041AD4F /* ViewControllers */ = {
			isa = PBXGroup;
			children = (
				6890B3A81F710AF700B0FA12 /* RankViewController.swift */,
				6807246E1F7207150041AD4F /* RankSubViewController.swift */,
				680724701F72073A0041AD4F /* RankDateViewController.swift */,
				680724721F7207440041AD4F /* RankWeekViewController.swift */,
				680724741F7207DD0041AD4F /* RankDateDetailViewController.swift */,
				680724761F7207EC0041AD4F /* RankWeekDetailViewController.swift */,
			);
			name = ViewControllers;
			sourceTree = "<group>";
		};
		6807248B1F72574B0041AD4F /* ViewModels */ = {
			isa = PBXGroup;
			children = (
				6807247E1F7208FB0041AD4F /* RankViewModel.swift */,
			);
			name = ViewModels;
			sourceTree = "<group>";
		};
		6807248C1F7257510041AD4F /* Views */ = {
			isa = PBXGroup;
			children = (
				680724801F7219370041AD4F /* RankDateCell.swift */,
				680724811F7219370041AD4F /* RankDateCell.xib */,
				680724841F72195B0041AD4F /* RankWeekCell.swift */,
				680724851F72195B0041AD4F /* RankWeekCell.xib */,
			);
			name = Views;
			sourceTree = "<group>";
		};
		6807248D1F7257570041AD4F /* Models */ = {
			isa = PBXGroup;
			children = (
				680724781F7208D20041AD4F /* RankType.swift */,
				6807247A1F7208DD0041AD4F /* RankDateModel.swift */,
				6807247C1F7208E90041AD4F /* RankWeekModel.swift */,
			);
			name = Models;
			sourceTree = "<group>";
		};
		680724981F72661D0041AD4F /* SRCarouselView */ = {
			isa = PBXGroup;
			children = (
				680724991F72661D0041AD4F /* SRCarouselView.h */,
				6807249A1F72661D0041AD4F /* SRCarouselView.m */,
			);
			path = SRCarouselView;
			sourceTree = "<group>";
		};
		680724A01F7271530041AD4F /* ViewControllers */ = {
			isa = PBXGroup;
			children = (
				6890B3A61F710AEF00B0FA12 /* HomeViewController.swift */,
				6890B3B41F71106600B0FA12 /* HomeAnchorViewController.swift */,
			);
			name = ViewControllers;
			sourceTree = "<group>";
		};
		680724A11F7271610041AD4F /* ViewModels */ = {
			isa = PBXGroup;
			children = (
				6890B3B61F71107400B0FA12 /* HomeViewModel.swift */,
			);
			name = ViewModels;
			sourceTree = "<group>";
		};
		680724A21F7271690041AD4F /* Views */ = {
			isa = PBXGroup;
			children = (
				6890B3BE1F71113400B0FA12 /* HomeAnchorCell.swift */,
				6890B3C01F71114400B0FA12 /* HomeAnchorCell.xib */,
			);
			name = Views;
			sourceTree = "<group>";
		};
		680724A31F72716C0041AD4F /* Models */ = {
			isa = PBXGroup;
			children = (
				6890B3B81F71109D00B0FA12 /* HomeWaterfallLayout.swift */,
				6890B3BA1F7110DE00B0FA12 /* AnchorType.swift */,
				6890B3BC1F7110F000B0FA12 /* AnchorModel.swift */,
			);
			name = Models;
			sourceTree = "<group>";
		};
		680724BA1F734EB10041AD4F /* LiveRoom */ = {
			isa = PBXGroup;
			children = (
				680724BB1F7350BF0041AD4F /* LiveRoomViewController.swift */,
				680724BC1F7350BF0041AD4F /* LiveRoomViewController.xib */,
				680724C11F7380610041AD4F /* LiveRoomViewModel.swift */,
			);
			path = LiveRoom;
			sourceTree = "<group>";
		};
		6890B3401F70EB4E00B0FA12 = {
			isa = PBXGroup;
			children = (
				6890B34B1F70EB4E00B0FA12 /* SwiftLive */,
				6890B34A1F70EB4E00B0FA12 /* Products */,
				23784EE787E151431E953B6E /* Pods */,
				FD72B68BEB7FC2653EAEEB5E /* Frameworks */,
			);
			sourceTree = "<group>";
		};
		6890B34A1F70EB4E00B0FA12 /* Products */ = {
			isa = PBXGroup;
			children = (
				6890B3491F70EB4E00B0FA12 /* SwiftLive.app */,
			);
			name = Products;
			sourceTree = "<group>";
		};
		6890B34B1F70EB4E00B0FA12 /* SwiftLive */ = {
			isa = PBXGroup;
			children = (
				6EEC157A2131EC9B00AF209E /* Classes */,
				6890B3D51F711A0500B0FA12 /* Resources */,
				6890B3941F7108E500B0FA12 /* Supporting Files */,
			);
			path = SwiftLive;
			sourceTree = "<group>";
		};
		6890B3941F7108E500B0FA12 /* Supporting Files */ = {
			isa = PBXGroup;
			children = (
				6890B3531F70EB4E00B0FA12 /* Assets.xcassets */,
				6E63DC152128669800BAC05F /* LaunchScreen.storyboard */,
				6890B3581F70EB4E00B0FA12 /* Info.plist */,
				6807249F1F7269D20041AD4F /* SwiftLive-Brdging-Header.h */,
			);
			name = "Supporting Files";
			sourceTree = "<group>";
		};
		6890B3951F71094700B0FA12 /* Home */ = {
			isa = PBXGroup;
			children = (
				6890B39D1F710A8800B0FA12 /* Home.storyboard */,
				680724A31F72716C0041AD4F /* Models */,
				680724A21F7271690041AD4F /* Views */,
				680724A11F7271610041AD4F /* ViewModels */,
				680724A01F7271530041AD4F /* ViewControllers */,
			);
			path = Home;
			sourceTree = "<group>";
		};
		6890B39B1F710A6000B0FA12 /* Discover */ = {
			isa = PBXGroup;
			children = (
				6890B39F1F710A9300B0FA12 /* Discover.storyboard */,
				6EF81914217E30B600555135 /* ViewModels */,
				6EF81913217E30A400555135 /* Models */,
				6EF81912217E309700555135 /* Views */,
				6EF81911217E307A00555135 /* ViewControllers */,
			);
			path = Discover;
			sourceTree = "<group>";
		};
		6890B39C1F710A6000B0FA12 /* Profile */ = {
			isa = PBXGroup;
			children = (
				6890B3A41F710ABE00B0FA12 /* Profile.storyboard */,
				680724B41F7277830041AD4F /* ProfileBaseViewController.swift */,
				680724B61F72779F0041AD4F /* ProfileMainViewController.swift */,
				680724B81F7277AD0041AD4F /* ProfileSettingsViewController.swift */,
				6EF81916217F83D500555135 /* Views */,
				6EF81915217F83CB00555135 /* Models */,
			);
			path = Profile;
			sourceTree = "<group>";
		};
		6890B3A11F710AA100B0FA12 /* Rank */ = {
			isa = PBXGroup;
			children = (
				6890B3A21F710AB700B0FA12 /* Rank.storyboard */,
				6807248D1F7257570041AD4F /* Models */,
				6807248C1F7257510041AD4F /* Views */,
				6807248B1F72574B0041AD4F /* ViewModels */,
				6807248A1F72573F0041AD4F /* ViewControllers */,
			);
			path = Rank;
			sourceTree = "<group>";
		};
		6890B3C41F71125500B0FA12 /* SRChannelsControl */ = {
			isa = PBXGroup;
			children = (
				6890B3C61F71125500B0FA12 /* SRChannelsControl.swift */,
				6890B3C81F71125500B0FA12 /* SRChannelsTitleStyle.swift */,
				6890B3C71F71125500B0FA12 /* SRChannelsTitle.swift */,
				6890B3C51F71125500B0FA12 /* SRChannelsContent.swift */,
				6890B3C91F71125500B0FA12 /* UIColor+SRChannelsControl.swift */,
			);
			path = SRChannelsControl;
			sourceTree = "<group>";
		};
		6890B3D51F711A0500B0FA12 /* Resources */ = {
			isa = PBXGroup;
			children = (
				6890B3D61F711A0500B0FA12 /* QHNormalEmotionSort.plist */,
				6890B3D71F711A0500B0FA12 /* QHSohuGifSort.plist */,
				6890B3D81F711A0500B0FA12 /* AnchorTypes.plist */,
			);
			path = Resources;
			sourceTree = "<group>";
		};
		6E229BE7216E535900C43956 /* Main */ = {
			isa = PBXGroup;
			children = (
				6890B34C1F70EB4E00B0FA12 /* AppDelegate.swift */,
				6890B3971F71098100B0FA12 /* MainTabBarController.swift */,
				6890B3991F7109BA00B0FA12 /* GlobalNavigationController.swift */,
			);
			path = Main;
			sourceTree = "<group>";
		};
		6E644F2D2184560D0035E4A4 /* Tools */ = {
			isa = PBXGroup;
			children = (
				6890B3D11F7116F900B0FA12 /* HTTPRequestTool.swift */,
				680724C51F73A5800041AD4F /* SQLiteTool.swift */,
			);
			path = Tools;
			sourceTree = "<group>";
		};
		6EEC157A2131EC9B00AF209E /* Classes */ = {
			isa = PBXGroup;
			children = (
				6E229BE7216E535900C43956 /* Main */,
				6EEC157B2131ECAD00AF209E /* Modules */,
				6EEC15812131ED3900AF209E /* Commons */,
				6EEC157E2131ED0000AF209E /* Extensions */,
				6EEC157C2131ECC500AF209E /* Vendor */,
			);
			path = Classes;
			sourceTree = "<group>";
		};
		6EEC157B2131ECAD00AF209E /* Modules */ = {
			isa = PBXGroup;
			children = (
				6890B3951F71094700B0FA12 /* Home */,
				6890B3A11F710AA100B0FA12 /* Rank */,
				6890B39B1F710A6000B0FA12 /* Discover */,
				6890B39C1F710A6000B0FA12 /* Profile */,
				680724BA1F734EB10041AD4F /* LiveRoom */,
			);
			path = Modules;
			sourceTree = "<group>";
		};
		6EEC157C2131ECC500AF209E /* Vendor */ = {
			isa = PBXGroup;
			children = (
				680724981F72661D0041AD4F /* SRCarouselView */,
				6890B3C41F71125500B0FA12 /* SRChannelsControl */,
			);
			path = Vendor;
			sourceTree = "<group>";
		};
		6EEC157E2131ED0000AF209E /* Extensions */ = {
			isa = PBXGroup;
			children = (
				6890B3D31F7118E100B0FA12 /* UIImageView+Kingfisher.swift */,
				680724881F723C980041AD4F /* UIColor+Extension.swift */,
			);
			path = Extensions;
			sourceTree = "<group>";
		};
		6EEC15812131ED3900AF209E /* Commons */ = {
			isa = PBXGroup;
			children = (
				6EEC157F2131ED2B00AF209E /* BaseModel.swift */,
				6890B3CF1F7112C100B0FA12 /* UIConstants.swift */,
				6E644F2D2184560D0035E4A4 /* Tools */,
			);
			path = Commons;
			sourceTree = "<group>";
		};
		6EF81911217E307A00555135 /* ViewControllers */ = {
			isa = PBXGroup;
			children = (
				6890B3AA1F710AFF00B0FA12 /* DiscoverViewController.swift */,
			);
			path = ViewControllers;
			sourceTree = "<group>";
		};
		6EF81912217E309700555135 /* Views */ = {
			isa = PBXGroup;
			children = (
				680724921F725D810041AD4F /* DiscoverTableViewCell.swift */,
				680724941F725DA50041AD4F /* DiscoverCollectionViewCell.swift */,
			);
			path = Views;
			sourceTree = "<group>";
		};
		6EF81913217E30A400555135 /* Models */ = {
			isa = PBXGroup;
			children = (
				680724901F725BB70041AD4F /* CarouselModel.swift */,
				680724961F7260E90041AD4F /* DiscoverCollectionViewLayout.swift */,
			);
			path = Models;
			sourceTree = "<group>";
		};
		6EF81914217E30B600555135 /* ViewModels */ = {
			isa = PBXGroup;
			children = (
				6807248E1F725A620041AD4F /* DiscoverViewModel.swift */,
			);
			path = ViewModels;
			sourceTree = "<group>";
		};
		6EF81915217F83CB00555135 /* Models */ = {
			isa = PBXGroup;
			children = (
				680724AA1F7277040041AD4F /* ProfileItemSectionModel.swift */,
				680724A81F7276F10041AD4F /* ProfileItemModel.swift */,
			);
			path = Models;
			sourceTree = "<group>";
		};
		6EF81916217F83D500555135 /* Views */ = {
			isa = PBXGroup;
			children = (
				680724AC1F7277250041AD4F /* ProfileHeaderView.swift */,
				680724AE1F72772E0041AD4F /* ProfileHeaderView.xib */,
				680724B01F7277680041AD4F /* ProfileItemCell.swift */,
				680724B11F7277680041AD4F /* ProfileItemCell.xib */,
			);
			path = Views;
			sourceTree = "<group>";
		};
		FD72B68BEB7FC2653EAEEB5E /* Frameworks */ = {
			isa = PBXGroup;
			children = (
				680724BF1F737FC70041AD4F /* IJKMediaFramework.framework */,
				688E79AF1F73C30B002DA4E2 /* libsqlite3.0.tbd */,
				680724C31F7381EE0041AD4F /* libz.tbd */,
				61477B864BC76A80C5052051 /* Pods_SwiftLive.framework */,
			);
			name = Frameworks;
			sourceTree = "<group>";
		};
/* End PBXGroup section */

/* Begin PBXNativeTarget section */
		6890B3481F70EB4E00B0FA12 /* SwiftLive */ = {
			isa = PBXNativeTarget;
			buildConfigurationList = 6890B35B1F70EB4E00B0FA12 /* Build configuration list for PBXNativeTarget "SwiftLive" */;
			buildPhases = (
				A47DDF0E917DD770F768197D /* [CP] Check Pods Manifest.lock */,
				6890B3451F70EB4E00B0FA12 /* Sources */,
				6890B3461F70EB4E00B0FA12 /* Frameworks */,
				6890B3471F70EB4E00B0FA12 /* Resources */,
				44505CBB25C9A48BB9DDBC1D /* [CP] Embed Pods Frameworks */,
			);
			buildRules = (
			);
			dependencies = (
			);
			name = SwiftLive;
			productName = SwiftLive;
			productReference = 6890B3491F70EB4E00B0FA12 /* SwiftLive.app */;
			productType = "com.apple.product-type.application";
		};
/* End PBXNativeTarget section */

/* Begin PBXProject section */
		6890B3411F70EB4E00B0FA12 /* Project object */ = {
			isa = PBXProject;
			attributes = {
				LastSwiftUpdateCheck = 0830;
				LastUpgradeCheck = 1000;
				ORGANIZATIONNAME = SR;
				TargetAttributes = {
					6890B3481F70EB4E00B0FA12 = {
						CreatedOnToolsVersion = 8.3.3;
						DevelopmentTeam = L8C6M6B8E9;
						ProvisioningStyle = Manual;
					};
				};
			};
			buildConfigurationList = 6890B3441F70EB4E00B0FA12 /* Build configuration list for PBXProject "SwiftLive" */;
			compatibilityVersion = "Xcode 3.2";
			developmentRegion = English;
			hasScannedForEncodings = 0;
			knownRegions = (
				en,
				Base,
			);
			mainGroup = 6890B3401F70EB4E00B0FA12;
			productRefGroup = 6890B34A1F70EB4E00B0FA12 /* Products */;
			projectDirPath = "";
			projectRoot = "";
			targets = (
				6890B3481F70EB4E00B0FA12 /* SwiftLive */,
			);
		};
/* End PBXProject section */

/* Begin PBXResourcesBuildPhase section */
		6890B3471F70EB4E00B0FA12 /* Resources */ = {
			isa = PBXResourcesBuildPhase;
			buildActionMask = 2147483647;
			files = (
				680724B31F7277680041AD4F /* ProfileItemCell.xib in Resources */,
				6890B3A31F710AB700B0FA12 /* Rank.storyboard in Resources */,
				6890B3541F70EB4E00B0FA12 /* Assets.xcassets in Resources */,
				6E63DC162128669800BAC05F /* LaunchScreen.storyboard in Resources */,
				680724871F72195B0041AD4F /* RankWeekCell.xib in Resources */,
				680724831F7219370041AD4F /* RankDateCell.xib in Resources */,
				680724AF1F72772E0041AD4F /* ProfileHeaderView.xib in Resources */,
				680724BE1F7350BF0041AD4F /* LiveRoomViewController.xib in Resources */,
				6890B3A01F710A9300B0FA12 /* Discover.storyboard in Resources */,
				6890B3D91F711A0500B0FA12 /* QHNormalEmotionSort.plist in Resources */,
				6890B3DB1F711A0500B0FA12 /* AnchorTypes.plist in Resources */,
				6890B3A51F710ABE00B0FA12 /* Profile.storyboard in Resources */,
				6890B39E1F710A8800B0FA12 /* Home.storyboard in Resources */,
				6890B3C11F71114400B0FA12 /* HomeAnchorCell.xib in Resources */,
				6890B3DA1F711A0500B0FA12 /* QHSohuGifSort.plist in Resources */,
			);
			runOnlyForDeploymentPostprocessing = 0;
		};
/* End PBXResourcesBuildPhase section */

/* Begin PBXShellScriptBuildPhase section */
		44505CBB25C9A48BB9DDBC1D /* [CP] Embed Pods Frameworks */ = {
			isa = PBXShellScriptBuildPhase;
			buildActionMask = 2147483647;
			files = (
			);
			inputPaths = (
				"${SRCROOT}/Pods/Target Support Files/Pods-SwiftLive/Pods-SwiftLive-frameworks.sh",
				"${BUILT_PRODUCTS_DIR}/Alamofire/Alamofire.framework",
				"${BUILT_PRODUCTS_DIR}/Kingfisher/Kingfisher.framework",
			);
			name = "[CP] Embed Pods Frameworks";
			outputPaths = (
				"${TARGET_BUILD_DIR}/${FRAMEWORKS_FOLDER_PATH}/Alamofire.framework",
				"${TARGET_BUILD_DIR}/${FRAMEWORKS_FOLDER_PATH}/Kingfisher.framework",
			);
			runOnlyForDeploymentPostprocessing = 0;
			shellPath = /bin/sh;
			shellScript = "\"${SRCROOT}/Pods/Target Support Files/Pods-SwiftLive/Pods-SwiftLive-frameworks.sh\"\n";
			showEnvVarsInLog = 0;
		};
		A47DDF0E917DD770F768197D /* [CP] Check Pods Manifest.lock */ = {
			isa = PBXShellScriptBuildPhase;
			buildActionMask = 2147483647;
			files = (
			);
			inputPaths = (
				"${PODS_PODFILE_DIR_PATH}/Podfile.lock",
				"${PODS_ROOT}/Manifest.lock",
			);
			name = "[CP] Check Pods Manifest.lock";
			outputPaths = (
				"$(DERIVED_FILE_DIR)/Pods-SwiftLive-checkManifestLockResult.txt",
			);
			runOnlyForDeploymentPostprocessing = 0;
			shellPath = /bin/sh;
			shellScript = "diff \"${PODS_PODFILE_DIR_PATH}/Podfile.lock\" \"${PODS_ROOT}/Manifest.lock\" > /dev/null\nif [ $? != 0 ] ; then\n    # print error to STDERR\n    echo \"error: The sandbox is not in sync with the Podfile.lock. Run 'pod install' or update your CocoaPods installation.\" >&2\n    exit 1\nfi\n# This output is used by Xcode 'outputs' to avoid re-running this script phase.\necho \"SUCCESS\" > \"${SCRIPT_OUTPUT_FILE_0}\"\n";
			showEnvVarsInLog = 0;
		};
/* End PBXShellScriptBuildPhase section */

/* Begin PBXSourcesBuildPhase section */
		6890B3451F70EB4E00B0FA12 /* Sources */ = {
			isa = PBXSourcesBuildPhase;
			buildActionMask = 2147483647;
			files = (
				6890B3BF1F71113400B0FA12 /* HomeAnchorCell.swift in Sources */,
				680724B51F7277830041AD4F /* ProfileBaseViewController.swift in Sources */,
				6EEC15802131ED2B00AF209E /* BaseModel.swift in Sources */,
				680724911F725BB70041AD4F /* CarouselModel.swift in Sources */,
				680724BD1F7350BF0041AD4F /* LiveRoomViewController.swift in Sources */,
				6890B3BB1F7110DE00B0FA12 /* AnchorType.swift in Sources */,
				6807247D1F7208E90041AD4F /* RankWeekModel.swift in Sources */,
				680724AB1F7277040041AD4F /* ProfileItemSectionModel.swift in Sources */,
				680724B91F7277AD0041AD4F /* ProfileSettingsViewController.swift in Sources */,
				6807246F1F7207150041AD4F /* RankSubViewController.swift in Sources */,
				6890B3B91F71109D00B0FA12 /* HomeWaterfallLayout.swift in Sources */,
				6807247F1F7208FB0041AD4F /* RankViewModel.swift in Sources */,
				6890B3CE1F71125500B0FA12 /* UIColor+SRChannelsControl.swift in Sources */,
				6890B3B71F71107400B0FA12 /* HomeViewModel.swift in Sources */,
				680724771F7207EC0041AD4F /* RankWeekDetailViewController.swift in Sources */,
				6890B3A71F710AEF00B0FA12 /* HomeViewController.swift in Sources */,
				680724A91F7276F10041AD4F /* ProfileItemModel.swift in Sources */,
				680724931F725D810041AD4F /* DiscoverTableViewCell.swift in Sources */,
				6890B39A1F7109BA00B0FA12 /* GlobalNavigationController.swift in Sources */,
				6890B3AB1F710AFF00B0FA12 /* DiscoverViewController.swift in Sources */,
				680724821F7219370041AD4F /* RankDateCell.swift in Sources */,
				680724C61F73A5800041AD4F /* SQLiteTool.swift in Sources */,
				680724B71F72779F0041AD4F /* ProfileMainViewController.swift in Sources */,
				680724891F723C980041AD4F /* UIColor+Extension.swift in Sources */,
				680724791F7208D20041AD4F /* RankType.swift in Sources */,
				680724711F72073A0041AD4F /* RankDateViewController.swift in Sources */,
				6890B3A91F710AF700B0FA12 /* RankViewController.swift in Sources */,
				680724B21F7277680041AD4F /* ProfileItemCell.swift in Sources */,
				680724751F7207DD0041AD4F /* RankDateDetailViewController.swift in Sources */,
				680724971F7260E90041AD4F /* DiscoverCollectionViewLayout.swift in Sources */,
				680724951F725DA50041AD4F /* DiscoverCollectionViewCell.swift in Sources */,
				6890B3BD1F7110F000B0FA12 /* AnchorModel.swift in Sources */,
				680724C21F7380610041AD4F /* LiveRoomViewModel.swift in Sources */,
				6890B3D21F7116F900B0FA12 /* HTTPRequestTool.swift in Sources */,
				6807248F1F725A620041AD4F /* DiscoverViewModel.swift in Sources */,
				6890B3981F71098100B0FA12 /* MainTabBarController.swift in Sources */,
				6890B3CD1F71125500B0FA12 /* SRChannelsTitleStyle.swift in Sources */,
				6890B3CB1F71125500B0FA12 /* SRChannelsControl.swift in Sources */,
				6890B3B51F71106600B0FA12 /* HomeAnchorViewController.swift in Sources */,
				6890B3D01F7112C100B0FA12 /* UIConstants.swift in Sources */,
				680724AD1F7277250041AD4F /* ProfileHeaderView.swift in Sources */,
				680724861F72195B0041AD4F /* RankWeekCell.swift in Sources */,
				6890B3CC1F71125500B0FA12 /* SRChannelsTitle.swift in Sources */,
				680724731F7207440041AD4F /* RankWeekViewController.swift in Sources */,
				6890B3D41F7118E100B0FA12 /* UIImageView+Kingfisher.swift in Sources */,
				6807249B1F72661D0041AD4F /* SRCarouselView.m in Sources */,
				6890B3CA1F71125500B0FA12 /* SRChannelsContent.swift in Sources */,
				6890B34D1F70EB4E00B0FA12 /* AppDelegate.swift in Sources */,
				6807247B1F7208DD0041AD4F /* RankDateModel.swift in Sources */,
			);
			runOnlyForDeploymentPostprocessing = 0;
		};
/* End PBXSourcesBuildPhase section */

/* Begin XCBuildConfiguration section */
		6890B3591F70EB4E00B0FA12 /* Debug */ = {
			isa = XCBuildConfiguration;
			buildSettings = {
				ALWAYS_SEARCH_USER_PATHS = NO;
				CLANG_ANALYZER_NONNULL = YES;
				CLANG_ANALYZER_NUMBER_OBJECT_CONVERSION = YES_AGGRESSIVE;
				CLANG_CXX_LANGUAGE_STANDARD = "gnu++0x";
				CLANG_CXX_LIBRARY = "libc++";
				CLANG_ENABLE_MODULES = YES;
				CLANG_ENABLE_OBJC_ARC = YES;
				CLANG_WARN_BLOCK_CAPTURE_AUTORELEASING = YES;
				CLANG_WARN_BOOL_CONVERSION = YES;
				CLANG_WARN_COMMA = YES;
				CLANG_WARN_CONSTANT_CONVERSION = YES;
				CLANG_WARN_DEPRECATED_OBJC_IMPLEMENTATIONS = YES;
				CLANG_WARN_DIRECT_OBJC_ISA_USAGE = YES_ERROR;
				CLANG_WARN_DOCUMENTATION_COMMENTS = YES;
				CLANG_WARN_EMPTY_BODY = YES;
				CLANG_WARN_ENUM_CONVERSION = YES;
				CLANG_WARN_INFINITE_RECURSION = YES;
				CLANG_WARN_INT_CONVERSION = YES;
				CLANG_WARN_NON_LITERAL_NULL_CONVERSION = YES;
				CLANG_WARN_OBJC_IMPLICIT_RETAIN_SELF = YES;
				CLANG_WARN_OBJC_LITERAL_CONVERSION = YES;
				CLANG_WARN_OBJC_ROOT_CLASS = YES_ERROR;
				CLANG_WARN_RANGE_LOOP_ANALYSIS = YES;
				CLANG_WARN_STRICT_PROTOTYPES = YES;
				CLANG_WARN_SUSPICIOUS_MOVE = YES;
				CLANG_WARN_UNREACHABLE_CODE = YES;
				CLANG_WARN__DUPLICATE_METHOD_MATCH = YES;
				"CODE_SIGN_IDENTITY[sdk=iphoneos*]" = "iPhone Developer";
				COPY_PHASE_STRIP = NO;
				DEBUG_INFORMATION_FORMAT = dwarf;
				ENABLE_STRICT_OBJC_MSGSEND = YES;
				ENABLE_TESTABILITY = YES;
				GCC_C_LANGUAGE_STANDARD = gnu99;
				GCC_DYNAMIC_NO_PIC = NO;
				GCC_NO_COMMON_BLOCKS = YES;
				GCC_OPTIMIZATION_LEVEL = 0;
				GCC_PREPROCESSOR_DEFINITIONS = (
					"DEBUG=1",
					"$(inherited)",
				);
				GCC_WARN_64_TO_32_BIT_CONVERSION = YES;
				GCC_WARN_ABOUT_RETURN_TYPE = YES_ERROR;
				GCC_WARN_UNDECLARED_SELECTOR = YES;
				GCC_WARN_UNINITIALIZED_AUTOS = YES_AGGRESSIVE;
				GCC_WARN_UNUSED_FUNCTION = YES;
				GCC_WARN_UNUSED_VARIABLE = YES;
				IPHONEOS_DEPLOYMENT_TARGET = 10.3;
				MTL_ENABLE_DEBUG_INFO = YES;
				ONLY_ACTIVE_ARCH = YES;
				SDKROOT = iphoneos;
				SWIFT_ACTIVE_COMPILATION_CONDITIONS = DEBUG;
				SWIFT_OPTIMIZATION_LEVEL = "-Onone";
			};
			name = Debug;
		};
		6890B35A1F70EB4E00B0FA12 /* Release */ = {
			isa = XCBuildConfiguration;
			buildSettings = {
				ALWAYS_SEARCH_USER_PATHS = NO;
				CLANG_ANALYZER_NONNULL = YES;
				CLANG_ANALYZER_NUMBER_OBJECT_CONVERSION = YES_AGGRESSIVE;
				CLANG_CXX_LANGUAGE_STANDARD = "gnu++0x";
				CLANG_CXX_LIBRARY = "libc++";
				CLANG_ENABLE_MODULES = YES;
				CLANG_ENABLE_OBJC_ARC = YES;
				CLANG_WARN_BLOCK_CAPTURE_AUTORELEASING = YES;
				CLANG_WARN_BOOL_CONVERSION = YES;
				CLANG_WARN_COMMA = YES;
				CLANG_WARN_CONSTANT_CONVERSION = YES;
				CLANG_WARN_DEPRECATED_OBJC_IMPLEMENTATIONS = YES;
				CLANG_WARN_DIRECT_OBJC_ISA_USAGE = YES_ERROR;
				CLANG_WARN_DOCUMENTATION_COMMENTS = YES;
				CLANG_WARN_EMPTY_BODY = YES;
				CLANG_WARN_ENUM_CONVERSION = YES;
				CLANG_WARN_INFINITE_RECURSION = YES;
				CLANG_WARN_INT_CONVERSION = YES;
				CLANG_WARN_NON_LITERAL_NULL_CONVERSION = YES;
				CLANG_WARN_OBJC_IMPLICIT_RETAIN_SELF = YES;
				CLANG_WARN_OBJC_LITERAL_CONVERSION = YES;
				CLANG_WARN_OBJC_ROOT_CLASS = YES_ERROR;
				CLANG_WARN_RANGE_LOOP_ANALYSIS = YES;
				CLANG_WARN_STRICT_PROTOTYPES = YES;
				CLANG_WARN_SUSPICIOUS_MOVE = YES;
				CLANG_WARN_UNREACHABLE_CODE = YES;
				CLANG_WARN__DUPLICATE_METHOD_MATCH = YES;
				"CODE_SIGN_IDENTITY[sdk=iphoneos*]" = "iPhone Developer";
				COPY_PHASE_STRIP = NO;
				DEBUG_INFORMATION_FORMAT = "dwarf-with-dsym";
				ENABLE_NS_ASSERTIONS = NO;
				ENABLE_STRICT_OBJC_MSGSEND = YES;
				GCC_C_LANGUAGE_STANDARD = gnu99;
				GCC_NO_COMMON_BLOCKS = YES;
				GCC_WARN_64_TO_32_BIT_CONVERSION = YES;
				GCC_WARN_ABOUT_RETURN_TYPE = YES_ERROR;
				GCC_WARN_UNDECLARED_SELECTOR = YES;
				GCC_WARN_UNINITIALIZED_AUTOS = YES_AGGRESSIVE;
				GCC_WARN_UNUSED_FUNCTION = YES;
				GCC_WARN_UNUSED_VARIABLE = YES;
				IPHONEOS_DEPLOYMENT_TARGET = 10.3;
				MTL_ENABLE_DEBUG_INFO = NO;
				SDKROOT = iphoneos;
				SWIFT_OPTIMIZATION_LEVEL = "-Owholemodule";
				VALIDATE_PRODUCT = YES;
			};
			name = Release;
		};
		6890B35C1F70EB4E00B0FA12 /* Debug */ = {
			isa = XCBuildConfiguration;
			baseConfigurationReference = ED1B77CD46A17F1D2078F5D6 /* Pods-SwiftLive.debug.xcconfig */;
			buildSettings = {
				ASSETCATALOG_COMPILER_APPICON_NAME = AppIcon;
				DEVELOPMENT_TEAM = L8C6M6B8E9;
				FRAMEWORK_SEARCH_PATHS = (
					"$(inherited)",
					"$(PROJECT_DIR)",
				);
				INFOPLIST_FILE = SwiftLive/Info.plist;
				IPHONEOS_DEPLOYMENT_TARGET = 9.0;
				LD_RUNPATH_SEARCH_PATHS = "$(inherited) @executable_path/Frameworks";
				PRODUCT_BUNDLE_IDENTIFIER = com.willing.SwiftLive;
				PRODUCT_NAME = "$(TARGET_NAME)";
				PROVISIONING_PROFILE = "41eaf476-bb76-4cb9-b2e9-b856cc3e9d97";
				PROVISIONING_PROFILE_SPECIFIER = "PP For All";
				SWIFT_OBJC_BRIDGING_HEADER = "SwiftLive/SwiftLive-Brdging-Header.h";
				SWIFT_VERSION = 3.0;
			};
			name = Debug;
		};
		6890B35D1F70EB4E00B0FA12 /* Release */ = {
			isa = XCBuildConfiguration;
			baseConfigurationReference = 58AA5752BDDFD81D04913098 /* Pods-SwiftLive.release.xcconfig */;
			buildSettings = {
				ASSETCATALOG_COMPILER_APPICON_NAME = AppIcon;
				DEVELOPMENT_TEAM = L8C6M6B8E9;
				FRAMEWORK_SEARCH_PATHS = (
					"$(inherited)",
					"$(PROJECT_DIR)",
				);
				INFOPLIST_FILE = SwiftLive/Info.plist;
				IPHONEOS_DEPLOYMENT_TARGET = 9.0;
				LD_RUNPATH_SEARCH_PATHS = "$(inherited) @executable_path/Frameworks";
				PRODUCT_BUNDLE_IDENTIFIER = com.willing.SwiftLive;
				PRODUCT_NAME = "$(TARGET_NAME)";
				PROVISIONING_PROFILE = "41eaf476-bb76-4cb9-b2e9-b856cc3e9d97";
				PROVISIONING_PROFILE_SPECIFIER = "PP For All";
				SWIFT_OBJC_BRIDGING_HEADER = "SwiftLive/SwiftLive-Brdging-Header.h";
				SWIFT_VERSION = 3.0;
			};
			name = Release;
		};
/* End XCBuildConfiguration section */

/* Begin XCConfigurationList section */
		6890B3441F70EB4E00B0FA12 /* Build configuration list for PBXProject "SwiftLive" */ = {
			isa = XCConfigurationList;
			buildConfigurations = (
				6890B3591F70EB4E00B0FA12 /* Debug */,
				6890B35A1F70EB4E00B0FA12 /* Release */,
			);
			defaultConfigurationIsVisible = 0;
			defaultConfigurationName = Release;
		};
		6890B35B1F70EB4E00B0FA12 /* Build configuration list for PBXNativeTarget "SwiftLive" */ = {
			isa = XCConfigurationList;
			buildConfigurations = (
				6890B35C1F70EB4E00B0FA12 /* Debug */,
				6890B35D1F70EB4E00B0FA12 /* Release */,
			);
			defaultConfigurationIsVisible = 0;
			defaultConfigurationName = Release;
		};
/* End XCConfigurationList section */
	};
	rootObject = 6890B3411F70EB4E00B0FA12 /* Project object */;
}
